
Microsoft Visual Studio Solution File, Format Version 12.00
# Visual Studio Version 17
VisualStudioVersion = 17.14.36401.2
MinimumVisualStudioVersion = 10.0.40219.1
Project("{FAE04EC0-301F-11D3-BF4B-00C04F79EFBC}") = "ADO_NET", "ADO_NET\ADO_NET.csproj", "{FF755C63-D58C-40FE-8CB3-7A7537F95A3B}"
EndProject
Project("{FAE04EC0-301F-11D3-BF4B-00C04F79EFBC}") = "ADO_NET_HW", "ADO_NET_HW\ADO_NET_HW.csproj", "{6ACD61B9-8214-4878-8079-0FDD46759FBA}"
EndProject
Project("{FAE04EC0-301F-11D3-BF4B-00C04F79EFBC}") = "ADO_NET_Param_quer", "ADO_NET_Param_quer\ADO_NET_Param_quer.csproj", "{4D572553-3F61-449F-BE43-5F48C1E1522A}"
EndProject
Project("{FAE04EC0-301F-11D3-BF4B-00C04F79EFBC}") = "ADO_NET_CLASS_CONNECTOR", "ADO_NET_CLASS_CONNECTOR\ADO_NET_CLASS_CONNECTOR.csproj", "{2E0C6A74-E004-4F38-810E-C0EBD258FB39}"
EndProject
Global
	GlobalSection(SolutionConfigurationPlatforms) = preSolution
		Debug|Any CPU = Debug|Any CPU
		Release|Any CPU = Release|Any CPU
	EndGlobalSection
	GlobalSection(ProjectConfigurationPlatforms) = postSolution
		{FF755C63-D58C-40FE-8CB3-7A7537F95A3B}.Debug|Any CPU.ActiveCfg = Debug|Any CPU
		{FF755C63-D58C-40FE-8CB3-7A7537F95A3B}.Debug|Any CPU.Build.0 = Debug|Any CPU
		{FF755C63-D58C-40FE-8CB3-7A7537F95A3B}.Release|Any CPU.ActiveCfg = Release|Any CPU
		{FF755C63-D58C-40FE-8CB3-7A7537F95A3B}.Release|Any CPU.Build.0 = Release|Any CPU
		{6ACD61B9-8214-4878-8079-0FDD46759FBA}.Debug|Any CPU.ActiveCfg = Debug|Any CPU
		{6ACD61B9-8214-4878-8079-0FDD46759FBA}.Debug|Any CPU.Build.0 = Debug|Any CPU
		{6ACD61B9-8214-4878-8079-0FDD46759FBA}.Release|Any CPU.ActiveCfg = Release|Any CPU
		{6ACD61B9-8214-4878-8079-0FDD46759FBA}.Release|Any CPU.Build.0 = Release|Any CPU
		{4D572553-3F61-449F-BE43-5F48C1E1522A}.Debug|Any CPU.ActiveCfg = Debug|Any CPU
		{4D572553-3F61-449F-BE43-5F48C1E1522A}.Debug|Any CPU.Build.0 = Debug|Any CPU
		{4D572553-3F61-449F-BE43-5F48C1E1522A}.Release|Any CPU.ActiveCfg = Release|Any CPU
		{4D572553-3F61-449F-BE43-5F48C1E1522A}.Release|Any CPU.Build.0 = Release|Any CPU
		{2E0C6A74-E004-4F38-810E-C0EBD258FB39}.Debug|Any CPU.ActiveCfg = Debug|Any CPU
		{2E0C6A74-E004-4F38-810E-C0EBD258FB39}.Debug|Any CPU.Build.0 = Debug|Any CPU
		{2E0C6A74-E004-4F38-810E-C0EBD258FB39}.Release|Any CPU.ActiveCfg = Release|Any CPU
		{2E0C6A74-E004-4F38-810E-C0EBD258FB39}.Release|Any CPU.Build.0 = Release|Any CPU
	EndGlobalSection
	GlobalSection(SolutionProperties) = preSolution
		HideSolutionNode = FALSE
	EndGlobalSection
	GlobalSection(ExtensibilityGlobals) = postSolution
		SolutionGuid = {9F122CE3-EFDE-4330-B832-E720A3577CB0}
	EndGlobalSection
EndGlobal
